// !$*UTF8*$!
{
	archiveVersion = 1;
	classes = {
	};
	objectVersion = 56;
	objects = {

/* Begin PBXBuildFile section */
		86AB4343E62EB9A042CF5D38 /* Pods_Deus.framework in Frameworks */ = {isa = PBXBuildFile; fileRef = 7CF3B240CEA23F7FB06EEF05 /* Pods_Deus.framework */; };
		9810937D2A39F089001E78A2 /* GoogleService-Info.plist in Resources */ = {isa = PBXBuildFile; fileRef = 9810937C2A39F089001E78A2 /* GoogleService-Info.plist */; };
		981463912A3C4E53005FD8FB /* CollectionViewCell.swift in Sources */ = {isa = PBXBuildFile; fileRef = 9814638F2A3C4E53005FD8FB /* CollectionViewCell.swift */; };
		981463922A3C4E54005FD8FB /* CollectionViewCell.xib in Resources */ = {isa = PBXBuildFile; fileRef = 981463902A3C4E53005FD8FB /* CollectionViewCell.xib */; };
		981463972A3C4E7A005FD8FB /* TableViewCell.swift in Sources */ = {isa = PBXBuildFile; fileRef = 981463952A3C4E7A005FD8FB /* TableViewCell.swift */; };
		981463982A3C4E7A005FD8FB /* TableViewCell.xib in Resources */ = {isa = PBXBuildFile; fileRef = 981463962A3C4E7A005FD8FB /* TableViewCell.xib */; };
		9814639B2A3C56CF005FD8FB /* ContactViewCell.swift in Sources */ = {isa = PBXBuildFile; fileRef = 981463992A3C56CF005FD8FB /* ContactViewCell.swift */; };
		9814639C2A3C56CF005FD8FB /* ContactViewCell.xib in Resources */ = {isa = PBXBuildFile; fileRef = 9814639A2A3C56CF005FD8FB /* ContactViewCell.xib */; };
		9814639E2A3C6A90005FD8FB /* EditViewController.swift in Sources */ = {isa = PBXBuildFile; fileRef = 9814639D2A3C6A90005FD8FB /* EditViewController.swift */; };
		981463A02A3C6A9E005FD8FB /* SettingsViewController.swift in Sources */ = {isa = PBXBuildFile; fileRef = 9814639F2A3C6A9E005FD8FB /* SettingsViewController.swift */; };
		981463A22A3C6AAC005FD8FB /* ContactViewController.swift in Sources */ = {isa = PBXBuildFile; fileRef = 981463A12A3C6AAC005FD8FB /* ContactViewController.swift */; };
		981463A52A3C6F7B005FD8FB /* ProfileTableViewCell.swift in Sources */ = {isa = PBXBuildFile; fileRef = 981463A32A3C6F7B005FD8FB /* ProfileTableViewCell.swift */; };
		981463A62A3C6F7B005FD8FB /* ProfileTableViewCell.xib in Resources */ = {isa = PBXBuildFile; fileRef = 981463A42A3C6F7B005FD8FB /* ProfileTableViewCell.xib */; };
		9827B11F2A41954F00D714DC /* MeesagingInterfaceController.swift in Sources */ = {isa = PBXBuildFile; fileRef = 9827B11E2A41954E00D714DC /* MeesagingInterfaceController.swift */; };
		985A014D2A3B4AF800F182DD /* UserModel.swift in Sources */ = {isa = PBXBuildFile; fileRef = 985A014C2A3B4AF700F182DD /* UserModel.swift */; };
		986F6B192A3AE0D700D101C8 /* loginNavigationController.swift in Sources */ = {isa = PBXBuildFile; fileRef = 986F6B182A3AE0D700D101C8 /* loginNavigationController.swift */; };
		986F6B1B2A3AEED900D101C8 /* Validations.swift in Sources */ = {isa = PBXBuildFile; fileRef = 986F6B1A2A3AEED900D101C8 /* Validations.swift */; };
		986F6B1E2A3B042D00D101C8 /* ChatsViewController.swift in Sources */ = {isa = PBXBuildFile; fileRef = 986F6B1D2A3B042D00D101C8 /* ChatsViewController.swift */; };
		986F6B202A3B043F00D101C8 /* ContactsViewController.swift in Sources */ = {isa = PBXBuildFile; fileRef = 986F6B1F2A3B043F00D101C8 /* ContactsViewController.swift */; };
		986F6B222A3B044E00D101C8 /* ProfileViewController.swift in Sources */ = {isa = PBXBuildFile; fileRef = 986F6B212A3B044E00D101C8 /* ProfileViewController.swift */; };
		986F6B242A3B083800D101C8 /* Date + Extension.swift in Sources */ = {isa = PBXBuildFile; fileRef = 986F6B232A3B083800D101C8 /* Date + Extension.swift */; };
		986F6B262A3B084F00D101C8 /* UIApplication + Extension.swift in Sources */ = {isa = PBXBuildFile; fileRef = 986F6B252A3B084F00D101C8 /* UIApplication + Extension.swift */; };
		986F6B292A3B095D00D101C8 /* ChatNavController.swift in Sources */ = {isa = PBXBuildFile; fileRef = 986F6B282A3B095D00D101C8 /* ChatNavController.swift */; };
		986F6B2B2A3B0A1A00D101C8 /* TabBarViewController.swift in Sources */ = {isa = PBXBuildFile; fileRef = 986F6B2A2A3B0A1A00D101C8 /* TabBarViewController.swift */; };
		989FE8822A3C8F5000CF4F33 /* EditTableViewCell.swift in Sources */ = {isa = PBXBuildFile; fileRef = 989FE8802A3C8F5000CF4F33 /* EditTableViewCell.swift */; };
		989FE8832A3C8F5000CF4F33 /* EditTableViewCell.xib in Resources */ = {isa = PBXBuildFile; fileRef = 989FE8812A3C8F5000CF4F33 /* EditTableViewCell.xib */; };
		989FE8852A3C8F9A00CF4F33 /* SettingsTableViewCell.swift in Sources */ = {isa = PBXBuildFile; fileRef = 989FE8842A3C8F9A00CF4F33 /* SettingsTableViewCell.swift */; };
		98B598C12A3D82AB000F63AD /* SettingsTableViewCell.xib in Resources */ = {isa = PBXBuildFile; fileRef = 98B598C02A3D82AB000F63AD /* SettingsTableViewCell.xib */; };
		98B5D6542A39976F00911D31 /* AppDelegate.swift in Sources */ = {isa = PBXBuildFile; fileRef = 98B5D6532A39976F00911D31 /* AppDelegate.swift */; };
		98B5D6562A39976F00911D31 /* SceneDelegate.swift in Sources */ = {isa = PBXBuildFile; fileRef = 98B5D6552A39976F00911D31 /* SceneDelegate.swift */; };
		98B5D6582A39976F00911D31 /* ViewController.swift in Sources */ = {isa = PBXBuildFile; fileRef = 98B5D6572A39976F00911D31 /* ViewController.swift */; };
		98B5D65B2A39976F00911D31 /* Main.storyboard in Resources */ = {isa = PBXBuildFile; fileRef = 98B5D6592A39976F00911D31 /* Main.storyboard */; };
		98B5D65D2A39977100911D31 /* Assets.xcassets in Resources */ = {isa = PBXBuildFile; fileRef = 98B5D65C2A39977100911D31 /* Assets.xcassets */; };
		98B5D6602A39977100911D31 /* LaunchScreen.storyboard in Resources */ = {isa = PBXBuildFile; fileRef = 98B5D65E2A39977100911D31 /* LaunchScreen.storyboard */; };
		98B5D66C2A399D7F00911D31 /* FirstViewController.swift in Sources */ = {isa = PBXBuildFile; fileRef = 98B5D66B2A399D7F00911D31 /* FirstViewController.swift */; };
		98B5D66F2A399D9500911D31 /* SecondViewController.swift in Sources */ = {isa = PBXBuildFile; fileRef = 98B5D66E2A399D9500911D31 /* SecondViewController.swift */; };
		98B5D6722A399DAF00911D31 /* ThirdViewController.swift in Sources */ = {isa = PBXBuildFile; fileRef = 98B5D6712A399DAF00911D31 /* ThirdViewController.swift */; };
		98B5D6752A399E6A00911D31 /* PageViewController.swift in Sources */ = {isa = PBXBuildFile; fileRef = 98B5D6742A399E6A00911D31 /* PageViewController.swift */; };
		98B5D6782A39AF6900911D31 /* Auth.storyboard in Resources */ = {isa = PBXBuildFile; fileRef = 98B5D6772A39AF6900911D31 /* Auth.storyboard */; };
		98B5D67B2A39B0E700911D31 /* PageView.storyboard in Resources */ = {isa = PBXBuildFile; fileRef = 98B5D67A2A39B0E700911D31 /* PageView.storyboard */; };
		98B5D67D2A39B28F00911D31 /* FourthViewController.swift in Sources */ = {isa = PBXBuildFile; fileRef = 98B5D67C2A39B28F00911D31 /* FourthViewController.swift */; };
		98B5D67F2A39B5F000911D31 /* UIView + Extension.swift in Sources */ = {isa = PBXBuildFile; fileRef = 98B5D67E2A39B5F000911D31 /* UIView + Extension.swift */; };
		98B5D6822A39C3B600911D31 /* WelcomeViewController.swift in Sources */ = {isa = PBXBuildFile; fileRef = 98B5D6812A39C3B600911D31 /* WelcomeViewController.swift */; };
		98B5D6842A39C3CC00911D31 /* LoginViewController.swift in Sources */ = {isa = PBXBuildFile; fileRef = 98B5D6832A39C3CC00911D31 /* LoginViewController.swift */; };
		98B5D6862A39C3F600911D31 /* SignUpViewController.swift in Sources */ = {isa = PBXBuildFile; fileRef = 98B5D6852A39C3F600911D31 /* SignUpViewController.swift */; };
		98E08BD32A3DBDF300F72F9F /* ApiManager.swift in Sources */ = {isa = PBXBuildFile; fileRef = 98E08BD22A3DBDF200F72F9F /* ApiManager.swift */; };
/* End PBXBuildFile section */

/* Begin PBXFileReference section */
		005736E4EA350F25F310EEC7 /* Pods-Deus.debug.xcconfig */ = {isa = PBXFileReference; includeInIndex = 1; lastKnownFileType = text.xcconfig; name = "Pods-Deus.debug.xcconfig"; path = "Target Support Files/Pods-Deus/Pods-Deus.debug.xcconfig"; sourceTree = "<group>"; };
		7A30AE5C7C4CBE36D70C4F52 /* Pods-Deus.release.xcconfig */ = {isa = PBXFileReference; includeInIndex = 1; lastKnownFileType = text.xcconfig; name = "Pods-Deus.release.xcconfig"; path = "Target Support Files/Pods-Deus/Pods-Deus.release.xcconfig"; sourceTree = "<group>"; };
		7CF3B240CEA23F7FB06EEF05 /* Pods_Deus.framework */ = {isa = PBXFileReference; explicitFileType = wrapper.framework; includeInIndex = 0; path = Pods_Deus.framework; sourceTree = BUILT_PRODUCTS_DIR; };
		9810937C2A39F089001E78A2 /* GoogleService-Info.plist */ = {isa = PBXFileReference; fileEncoding = 4; lastKnownFileType = text.plist.xml; path = "GoogleService-Info.plist"; sourceTree = "<group>"; };
		9814638F2A3C4E53005FD8FB /* CollectionViewCell.swift */ = {isa = PBXFileReference; lastKnownFileType = sourcecode.swift; path = CollectionViewCell.swift; sourceTree = "<group>"; };
		981463902A3C4E53005FD8FB /* CollectionViewCell.xib */ = {isa = PBXFileReference; lastKnownFileType = file.xib; path = CollectionViewCell.xib; sourceTree = "<group>"; };
		981463952A3C4E7A005FD8FB /* TableViewCell.swift */ = {isa = PBXFileReference; lastKnownFileType = sourcecode.swift; path = TableViewCell.swift; sourceTree = "<group>"; };
		981463962A3C4E7A005FD8FB /* TableViewCell.xib */ = {isa = PBXFileReference; lastKnownFileType = file.xib; path = TableViewCell.xib; sourceTree = "<group>"; };
		981463992A3C56CF005FD8FB /* ContactViewCell.swift */ = {isa = PBXFileReference; lastKnownFileType = sourcecode.swift; path = ContactViewCell.swift; sourceTree = "<group>"; };
		9814639A2A3C56CF005FD8FB /* ContactViewCell.xib */ = {isa = PBXFileReference; lastKnownFileType = file.xib; path = ContactViewCell.xib; sourceTree = "<group>"; };
		9814639D2A3C6A90005FD8FB /* EditViewController.swift */ = {isa = PBXFileReference; lastKnownFileType = sourcecode.swift; path = EditViewController.swift; sourceTree = "<group>"; };
		9814639F2A3C6A9E005FD8FB /* SettingsViewController.swift */ = {isa = PBXFileReference; lastKnownFileType = sourcecode.swift; path = SettingsViewController.swift; sourceTree = "<group>"; };
		981463A12A3C6AAC005FD8FB /* ContactViewController.swift */ = {isa = PBXFileReference; lastKnownFileType = sourcecode.swift; path = ContactViewController.swift; sourceTree = "<group>"; };
		981463A32A3C6F7B005FD8FB /* ProfileTableViewCell.swift */ = {isa = PBXFileReference; lastKnownFileType = sourcecode.swift; path = ProfileTableViewCell.swift; sourceTree = "<group>"; };
		981463A42A3C6F7B005FD8FB /* ProfileTableViewCell.xib */ = {isa = PBXFileReference; lastKnownFileType = file.xib; path = ProfileTableViewCell.xib; sourceTree = "<group>"; };
		9827B11E2A41954E00D714DC /* MeesagingInterfaceController.swift */ = {isa = PBXFileReference; lastKnownFileType = sourcecode.swift; path = MeesagingInterfaceController.swift; sourceTree = "<group>"; };
		985A014C2A3B4AF700F182DD /* UserModel.swift */ = {isa = PBXFileReference; lastKnownFileType = sourcecode.swift; path = UserModel.swift; sourceTree = "<group>"; };
		986F6B182A3AE0D700D101C8 /* loginNavigationController.swift */ = {isa = PBXFileReference; lastKnownFileType = sourcecode.swift; path = loginNavigationController.swift; sourceTree = "<group>"; };
		986F6B1A2A3AEED900D101C8 /* Validations.swift */ = {isa = PBXFileReference; lastKnownFileType = sourcecode.swift; path = Validations.swift; sourceTree = "<group>"; };
		986F6B1D2A3B042D00D101C8 /* ChatsViewController.swift */ = {isa = PBXFileReference; lastKnownFileType = sourcecode.swift; path = ChatsViewController.swift; sourceTree = "<group>"; };
		986F6B1F2A3B043F00D101C8 /* ContactsViewController.swift */ = {isa = PBXFileReference; lastKnownFileType = sourcecode.swift; path = ContactsViewController.swift; sourceTree = "<group>"; };
		986F6B212A3B044E00D101C8 /* ProfileViewController.swift */ = {isa = PBXFileReference; lastKnownFileType = sourcecode.swift; path = ProfileViewController.swift; sourceTree = "<group>"; };
		986F6B232A3B083800D101C8 /* Date + Extension.swift */ = {isa = PBXFileReference; fileEncoding = 4; lastKnownFileType = sourcecode.swift; path = "Date + Extension.swift"; sourceTree = "<group>"; };
		986F6B252A3B084F00D101C8 /* UIApplication + Extension.swift */ = {isa = PBXFileReference; fileEncoding = 4; lastKnownFileType = sourcecode.swift; path = "UIApplication + Extension.swift"; sourceTree = "<group>"; };
		986F6B282A3B095D00D101C8 /* ChatNavController.swift */ = {isa = PBXFileReference; lastKnownFileType = sourcecode.swift; path = ChatNavController.swift; sourceTree = "<group>"; };
		986F6B2A2A3B0A1A00D101C8 /* TabBarViewController.swift */ = {isa = PBXFileReference; lastKnownFileType = sourcecode.swift; path = TabBarViewController.swift; sourceTree = "<group>"; };
		989FE8802A3C8F5000CF4F33 /* EditTableViewCell.swift */ = {isa = PBXFileReference; lastKnownFileType = sourcecode.swift; path = EditTableViewCell.swift; sourceTree = "<group>"; };
		989FE8812A3C8F5000CF4F33 /* EditTableViewCell.xib */ = {isa = PBXFileReference; lastKnownFileType = file.xib; path = EditTableViewCell.xib; sourceTree = "<group>"; };
		989FE8842A3C8F9A00CF4F33 /* SettingsTableViewCell.swift */ = {isa = PBXFileReference; lastKnownFileType = sourcecode.swift; path = SettingsTableViewCell.swift; sourceTree = "<group>"; };
		98B598C02A3D82AB000F63AD /* SettingsTableViewCell.xib */ = {isa = PBXFileReference; lastKnownFileType = file.xib; path = SettingsTableViewCell.xib; sourceTree = "<group>"; };
		98B5D6502A39976F00911D31 /* Deus.app */ = {isa = PBXFileReference; explicitFileType = wrapper.application; includeInIndex = 0; path = Deus.app; sourceTree = BUILT_PRODUCTS_DIR; };
		98B5D6532A39976F00911D31 /* AppDelegate.swift */ = {isa = PBXFileReference; lastKnownFileType = sourcecode.swift; path = AppDelegate.swift; sourceTree = "<group>"; };
		98B5D6552A39976F00911D31 /* SceneDelegate.swift */ = {isa = PBXFileReference; lastKnownFileType = sourcecode.swift; path = SceneDelegate.swift; sourceTree = "<group>"; };
		98B5D6572A39976F00911D31 /* ViewController.swift */ = {isa = PBXFileReference; lastKnownFileType = sourcecode.swift; path = ViewController.swift; sourceTree = "<group>"; };
		98B5D65A2A39976F00911D31 /* Base */ = {isa = PBXFileReference; lastKnownFileType = file.storyboard; name = Base; path = Base.lproj/Main.storyboard; sourceTree = "<group>"; };
		98B5D65C2A39977100911D31 /* Assets.xcassets */ = {isa = PBXFileReference; lastKnownFileType = folder.assetcatalog; path = Assets.xcassets; sourceTree = "<group>"; };
		98B5D65F2A39977100911D31 /* Base */ = {isa = PBXFileReference; lastKnownFileType = file.storyboard; name = Base; path = Base.lproj/LaunchScreen.storyboard; sourceTree = "<group>"; };
		98B5D6612A39977100911D31 /* Info.plist */ = {isa = PBXFileReference; lastKnownFileType = text.plist.xml; path = Info.plist; sourceTree = "<group>"; };
		98B5D66B2A399D7F00911D31 /* FirstViewController.swift */ = {isa = PBXFileReference; lastKnownFileType = sourcecode.swift; path = FirstViewController.swift; sourceTree = "<group>"; };
		98B5D66E2A399D9500911D31 /* SecondViewController.swift */ = {isa = PBXFileReference; lastKnownFileType = sourcecode.swift; path = SecondViewController.swift; sourceTree = "<group>"; };
		98B5D6712A399DAF00911D31 /* ThirdViewController.swift */ = {isa = PBXFileReference; lastKnownFileType = sourcecode.swift; path = ThirdViewController.swift; sourceTree = "<group>"; };
		98B5D6742A399E6A00911D31 /* PageViewController.swift */ = {isa = PBXFileReference; lastKnownFileType = sourcecode.swift; path = PageViewController.swift; sourceTree = "<group>"; };
		98B5D6772A39AF6900911D31 /* Auth.storyboard */ = {isa = PBXFileReference; lastKnownFileType = file.storyboard; path = Auth.storyboard; sourceTree = "<group>"; };
		98B5D67A2A39B0E700911D31 /* PageView.storyboard */ = {isa = PBXFileReference; lastKnownFileType = file.storyboard; path = PageView.storyboard; sourceTree = "<group>"; };
		98B5D67C2A39B28F00911D31 /* FourthViewController.swift */ = {isa = PBXFileReference; lastKnownFileType = sourcecode.swift; path = FourthViewController.swift; sourceTree = "<group>"; };
		98B5D67E2A39B5F000911D31 /* UIView + Extension.swift */ = {isa = PBXFileReference; lastKnownFileType = sourcecode.swift; path = "UIView + Extension.swift"; sourceTree = "<group>"; };
		98B5D6812A39C3B600911D31 /* WelcomeViewController.swift */ = {isa = PBXFileReference; lastKnownFileType = sourcecode.swift; path = WelcomeViewController.swift; sourceTree = "<group>"; };
		98B5D6832A39C3CC00911D31 /* LoginViewController.swift */ = {isa = PBXFileReference; lastKnownFileType = sourcecode.swift; path = LoginViewController.swift; sourceTree = "<group>"; };
		98B5D6852A39C3F600911D31 /* SignUpViewController.swift */ = {isa = PBXFileReference; lastKnownFileType = sourcecode.swift; path = SignUpViewController.swift; sourceTree = "<group>"; };
		98E08BD22A3DBDF200F72F9F /* ApiManager.swift */ = {isa = PBXFileReference; lastKnownFileType = sourcecode.swift; path = ApiManager.swift; sourceTree = "<group>"; };
/* End PBXFileReference section */

/* Begin PBXFrameworksBuildPhase section */
		98B5D64D2A39976F00911D31 /* Frameworks */ = {
			isa = PBXFrameworksBuildPhase;
			buildActionMask = 2147483647;
			files = (
				86AB4343E62EB9A042CF5D38 /* Pods_Deus.framework in Frameworks */,
			);
			runOnlyForDeploymentPostprocessing = 0;
		};
/* End PBXFrameworksBuildPhase section */

/* Begin PBXGroup section */
		259B8DE538C8980749AA8D26 /* Pods */ = {
			isa = PBXGroup;
			children = (
				005736E4EA350F25F310EEC7 /* Pods-Deus.debug.xcconfig */,
				7A30AE5C7C4CBE36D70C4F52 /* Pods-Deus.release.xcconfig */,
			);
			path = Pods;
			sourceTree = "<group>";
		};
		655BF27BA990619A7C7F9398 /* Frameworks */ = {
			isa = PBXGroup;
			children = (
				7CF3B240CEA23F7FB06EEF05 /* Pods_Deus.framework */,
			);
			name = Frameworks;
			sourceTree = "<group>";
		};
		9814638C2A3C4274005FD8FB /* chatVC */ = {
			isa = PBXGroup;
			children = (
				986F6B1D2A3B042D00D101C8 /* ChatsViewController.swift */,
				9814638F2A3C4E53005FD8FB /* CollectionViewCell.swift */,
				981463952A3C4E7A005FD8FB /* TableViewCell.swift */,
				981463902A3C4E53005FD8FB /* CollectionViewCell.xib */,
				981463962A3C4E7A005FD8FB /* TableViewCell.xib */,
				9827B11E2A41954E00D714DC /* MeesagingInterfaceController.swift */,
			);
			path = chatVC;
			sourceTree = "<group>";
		};
		9814638D2A3C428E005FD8FB /* contactVC */ = {
			isa = PBXGroup;
			children = (
				986F6B1F2A3B043F00D101C8 /* ContactsViewController.swift */,
				981463992A3C56CF005FD8FB /* ContactViewCell.swift */,
				9814639A2A3C56CF005FD8FB /* ContactViewCell.xib */,
			);
			path = contactVC;
			sourceTree = "<group>";
		};
		9814638E2A3C4299005FD8FB /* profileVC */ = {
			isa = PBXGroup;
			children = (
				9863EC912A405A580064D0E0 /* cells */,
				986F6B212A3B044E00D101C8 /* ProfileViewController.swift */,
				9814639D2A3C6A90005FD8FB /* EditViewController.swift */,
				9814639F2A3C6A9E005FD8FB /* SettingsViewController.swift */,
				981463A12A3C6AAC005FD8FB /* ContactViewController.swift */,
				981463A32A3C6F7B005FD8FB /* ProfileTableViewCell.swift */,
				989FE8802A3C8F5000CF4F33 /* EditTableViewCell.swift */,
				989FE8842A3C8F9A00CF4F33 /* SettingsTableViewCell.swift */,
			);
			path = profileVC;
			sourceTree = "<group>";
		};
		985A014B2A3B4AD800F182DD /* Model */ = {
			isa = PBXGroup;
			children = (
				985A014C2A3B4AF700F182DD /* UserModel.swift */,
			);
			path = Model;
			sourceTree = "<group>";
		};
		9863EC912A405A580064D0E0 /* cells */ = {
			isa = PBXGroup;
			children = (
				981463A42A3C6F7B005FD8FB /* ProfileTableViewCell.xib */,
				989FE8812A3C8F5000CF4F33 /* EditTableViewCell.xib */,
				98B598C02A3D82AB000F63AD /* SettingsTableViewCell.xib */,
			);
			path = cells;
			sourceTree = "<group>";
		};
		986F6B1C2A3B020F00D101C8 /* TabBarController */ = {
			isa = PBXGroup;
			children = (
				9814638E2A3C4299005FD8FB /* profileVC */,
				9814638D2A3C428E005FD8FB /* contactVC */,
				9814638C2A3C4274005FD8FB /* chatVC */,
				986F6B272A3B092500D101C8 /* NavControllers */,
			);
			path = TabBarController;
			sourceTree = "<group>";
		};
		986F6B272A3B092500D101C8 /* NavControllers */ = {
			isa = PBXGroup;
			children = (
				986F6B282A3B095D00D101C8 /* ChatNavController.swift */,
				986F6B2A2A3B0A1A00D101C8 /* TabBarViewController.swift */,
			);
			path = NavControllers;
			sourceTree = "<group>";
		};
		98B5D6472A39976F00911D31 = {
			isa = PBXGroup;
			children = (
				98B5D6522A39976F00911D31 /* Deus */,
				98B5D6512A39976F00911D31 /* Products */,
				259B8DE538C8980749AA8D26 /* Pods */,
				655BF27BA990619A7C7F9398 /* Frameworks */,
			);
			sourceTree = "<group>";
			wrapsLines = 0;
		};
		98B5D6512A39976F00911D31 /* Products */ = {
			isa = PBXGroup;
			children = (
				98B5D6502A39976F00911D31 /* Deus.app */,
			);
			name = Products;
			sourceTree = "<group>";
		};
		98B5D6522A39976F00911D31 /* Deus */ = {
			isa = PBXGroup;
			children = (
				985A014B2A3B4AD800F182DD /* Model */,
				986F6B1C2A3B020F00D101C8 /* TabBarController */,
				98B5D6802A39C38F00911D31 /* login & signIn */,
				98B5D6762A39A72800911D31 /* Extension */,
				98B5D66A2A399D4F00911D31 /* PageViewControllers */,
				98B5D6692A39979900911D31 /* ViewControllers */,
				98B5D6682A39978A00911D31 /* Delegates */,
				98B5D65C2A39977100911D31 /* Assets.xcassets */,
				98B5D6592A39976F00911D31 /* Main.storyboard */,
				98B5D6792A39B0B600911D31 /* Storyboards */,
				98B5D65E2A39977100911D31 /* LaunchScreen.storyboard */,
				98B5D6612A39977100911D31 /* Info.plist */,
				9810937C2A39F089001E78A2 /* GoogleService-Info.plist */,
			);
			path = Deus;
			sourceTree = "<group>";
		};
		98B5D6682A39978A00911D31 /* Delegates */ = {
			isa = PBXGroup;
			children = (
				98B5D6532A39976F00911D31 /* AppDelegate.swift */,
				98B5D6552A39976F00911D31 /* SceneDelegate.swift */,
			);
			path = Delegates;
			sourceTree = "<group>";
		};
		98B5D6692A39979900911D31 /* ViewControllers */ = {
			isa = PBXGroup;
			children = (
				98B5D6572A39976F00911D31 /* ViewController.swift */,
			);
			path = ViewControllers;
			sourceTree = "<group>";
		};
		98B5D66A2A399D4F00911D31 /* PageViewControllers */ = {
			isa = PBXGroup;
			children = (
				98B5D6742A399E6A00911D31 /* PageViewController.swift */,
				98B5D66B2A399D7F00911D31 /* FirstViewController.swift */,
				98B5D66E2A399D9500911D31 /* SecondViewController.swift */,
				98B5D6712A399DAF00911D31 /* ThirdViewController.swift */,
				98B5D67C2A39B28F00911D31 /* FourthViewController.swift */,
			);
			path = PageViewControllers;
			sourceTree = "<group>";
		};
		98B5D6762A39A72800911D31 /* Extension */ = {
			isa = PBXGroup;
			children = (
				986F6B252A3B084F00D101C8 /* UIApplication + Extension.swift */,
				98B5D67E2A39B5F000911D31 /* UIView + Extension.swift */,
				986F6B232A3B083800D101C8 /* Date + Extension.swift */,
				98E08BD22A3DBDF200F72F9F /* ApiManager.swift */,
			);
			path = Extension;
			sourceTree = "<group>";
		};
		98B5D6792A39B0B600911D31 /* Storyboards */ = {
			isa = PBXGroup;
			children = (
				98B5D6772A39AF6900911D31 /* Auth.storyboard */,
				98B5D67A2A39B0E700911D31 /* PageView.storyboard */,
			);
			path = Storyboards;
			sourceTree = "<group>";
		};
		98B5D6802A39C38F00911D31 /* login & signIn */ = {
			isa = PBXGroup;
			children = (
				98B5D6812A39C3B600911D31 /* WelcomeViewController.swift */,
				98B5D6832A39C3CC00911D31 /* LoginViewController.swift */,
				98B5D6852A39C3F600911D31 /* SignUpViewController.swift */,
				986F6B182A3AE0D700D101C8 /* loginNavigationController.swift */,
				986F6B1A2A3AEED900D101C8 /* Validations.swift */,
			);
			path = "login & signIn";
			sourceTree = "<group>";
		};
/* End PBXGroup section */

/* Begin PBXNativeTarget section */
		98B5D64F2A39976F00911D31 /* Deus */ = {
			isa = PBXNativeTarget;
			buildConfigurationList = 98B5D6642A39977100911D31 /* Build configuration list for PBXNativeTarget "Deus" */;
			buildPhases = (
				256072186CC8AE63CF8B3EE1 /* [CP] Check Pods Manifest.lock */,
				98B5D64C2A39976F00911D31 /* Sources */,
				98B5D64D2A39976F00911D31 /* Frameworks */,
				98B5D64E2A39976F00911D31 /* Resources */,
				DF1CA28705A4C51C84CCEED7 /* [CP] Embed Pods Frameworks */,
			);
			buildRules = (
			);
			dependencies = (
			);
			name = Deus;
			productName = Deus;
			productReference = 98B5D6502A39976F00911D31 /* Deus.app */;
			productType = "com.apple.product-type.application";
		};
/* End PBXNativeTarget section */

/* Begin PBXProject section */
		98B5D6482A39976F00911D31 /* Project object */ = {
			isa = PBXProject;
			attributes = {
				BuildIndependentTargetsInParallel = 1;
				LastSwiftUpdateCheck = 1430;
				LastUpgradeCheck = 1430;
				TargetAttributes = {
					98B5D64F2A39976F00911D31 = {
						CreatedOnToolsVersion = 14.3;
					};
				};
			};
			buildConfigurationList = 98B5D64B2A39976F00911D31 /* Build configuration list for PBXProject "Deus" */;
			compatibilityVersion = "Xcode 14.0";
			developmentRegion = en;
			hasScannedForEncodings = 0;
			knownRegions = (
				en,
				Base,
			);
			mainGroup = 98B5D6472A39976F00911D31;
			productRefGroup = 98B5D6512A39976F00911D31 /* Products */;
			projectDirPath = "";
			projectRoot = "";
			targets = (
				98B5D64F2A39976F00911D31 /* Deus */,
			);
		};
/* End PBXProject section */

/* Begin PBXResourcesBuildPhase section */
		98B5D64E2A39976F00911D31 /* Resources */ = {
			isa = PBXResourcesBuildPhase;
			buildActionMask = 2147483647;
			files = (
				989FE8832A3C8F5000CF4F33 /* EditTableViewCell.xib in Resources */,
				98B5D6782A39AF6900911D31 /* Auth.storyboard in Resources */,
				981463922A3C4E54005FD8FB /* CollectionViewCell.xib in Resources */,
				98B5D6602A39977100911D31 /* LaunchScreen.storyboard in Resources */,
				98B5D67B2A39B0E700911D31 /* PageView.storyboard in Resources */,
				98B5D65D2A39977100911D31 /* Assets.xcassets in Resources */,
				98B598C12A3D82AB000F63AD /* SettingsTableViewCell.xib in Resources */,
				981463982A3C4E7A005FD8FB /* TableViewCell.xib in Resources */,
				98B5D65B2A39976F00911D31 /* Main.storyboard in Resources */,
				9810937D2A39F089001E78A2 /* GoogleService-Info.plist in Resources */,
				9814639C2A3C56CF005FD8FB /* ContactViewCell.xib in Resources */,
				981463A62A3C6F7B005FD8FB /* ProfileTableViewCell.xib in Resources */,
			);
			runOnlyForDeploymentPostprocessing = 0;
		};
/* End PBXResourcesBuildPhase section */

/* Begin PBXShellScriptBuildPhase section */
		256072186CC8AE63CF8B3EE1 /* [CP] Check Pods Manifest.lock */ = {
			isa = PBXShellScriptBuildPhase;
			buildActionMask = 2147483647;
			files = (
			);
			inputFileListPaths = (
			);
			inputPaths = (
				"${PODS_PODFILE_DIR_PATH}/Podfile.lock",
				"${PODS_ROOT}/Manifest.lock",
			);
			name = "[CP] Check Pods Manifest.lock";
			outputFileListPaths = (
			);
			outputPaths = (
				"$(DERIVED_FILE_DIR)/Pods-Deus-checkManifestLockResult.txt",
			);
			runOnlyForDeploymentPostprocessing = 0;
			shellPath = /bin/sh;
			shellScript = "diff \"${PODS_PODFILE_DIR_PATH}/Podfile.lock\" \"${PODS_ROOT}/Manifest.lock\" > /dev/null\nif [ $? != 0 ] ; then\n    # print error to STDERR\n    echo \"error: The sandbox is not in sync with the Podfile.lock. Run 'pod install' or update your CocoaPods installation.\" >&2\n    exit 1\nfi\n# This output is used by Xcode 'outputs' to avoid re-running this script phase.\necho \"SUCCESS\" > \"${SCRIPT_OUTPUT_FILE_0}\"\n";
			showEnvVarsInLog = 0;
		};
		DF1CA28705A4C51C84CCEED7 /* [CP] Embed Pods Frameworks */ = {
			isa = PBXShellScriptBuildPhase;
			buildActionMask = 2147483647;
			files = (
			);
			inputFileListPaths = (
				"${PODS_ROOT}/Target Support Files/Pods-Deus/Pods-Deus-frameworks-${CONFIGURATION}-input-files.xcfilelist",
			);
			name = "[CP] Embed Pods Frameworks";
			outputFileListPaths = (
				"${PODS_ROOT}/Target Support Files/Pods-Deus/Pods-Deus-frameworks-${CONFIGURATION}-output-files.xcfilelist",
			);
			runOnlyForDeploymentPostprocessing = 0;
			shellPath = /bin/sh;
			shellScript = "\"${PODS_ROOT}/Target Support Files/Pods-Deus/Pods-Deus-frameworks.sh\"\n";
			showEnvVarsInLog = 0;
		};
/* End PBXShellScriptBuildPhase section */

/* Begin PBXSourcesBuildPhase section */
		98B5D64C2A39976F00911D31 /* Sources */ = {
			isa = PBXSourcesBuildPhase;
			buildActionMask = 2147483647;
			files = (
				98E08BD32A3DBDF300F72F9F /* ApiManager.swift in Sources */,
				9814639E2A3C6A90005FD8FB /* EditViewController.swift in Sources */,
				981463A22A3C6AAC005FD8FB /* ContactViewController.swift in Sources */,
				98B5D6582A39976F00911D31 /* ViewController.swift in Sources */,
				989FE8852A3C8F9A00CF4F33 /* SettingsTableViewCell.swift in Sources */,
				98B5D6822A39C3B600911D31 /* WelcomeViewController.swift in Sources */,
				98B5D6752A399E6A00911D31 /* PageViewController.swift in Sources */,
				986F6B2B2A3B0A1A00D101C8 /* TabBarViewController.swift in Sources */,
				986F6B292A3B095D00D101C8 /* ChatNavController.swift in Sources */,
				98B5D66F2A399D9500911D31 /* SecondViewController.swift in Sources */,
				981463912A3C4E53005FD8FB /* CollectionViewCell.swift in Sources */,
				989FE8822A3C8F5000CF4F33 /* EditTableViewCell.swift in Sources */,
				98B5D6542A39976F00911D31 /* AppDelegate.swift in Sources */,
				986F6B262A3B084F00D101C8 /* UIApplication + Extension.swift in Sources */,
				981463972A3C4E7A005FD8FB /* TableViewCell.swift in Sources */,
				986F6B202A3B043F00D101C8 /* ContactsViewController.swift in Sources */,
				98B5D67D2A39B28F00911D31 /* FourthViewController.swift in Sources */,
				9827B11F2A41954F00D714DC /* MeesagingInterfaceController.swift in Sources */,
				985A014D2A3B4AF800F182DD /* UserModel.swift in Sources */,
				986F6B222A3B044E00D101C8 /* ProfileViewController.swift in Sources */,
				986F6B1B2A3AEED900D101C8 /* Validations.swift in Sources */,
				986F6B1E2A3B042D00D101C8 /* ChatsViewController.swift in Sources */,
				98B5D6862A39C3F600911D31 /* SignUpViewController.swift in Sources */,
				986F6B242A3B083800D101C8 /* Date + Extension.swift in Sources */,
				98B5D6562A39976F00911D31 /* SceneDelegate.swift in Sources */,
				98B5D6722A399DAF00911D31 /* ThirdViewController.swift in Sources */,
				981463A52A3C6F7B005FD8FB /* ProfileTableViewCell.swift in Sources */,
				98B5D66C2A399D7F00911D31 /* FirstViewController.swift in Sources */,
				986F6B192A3AE0D700D101C8 /* loginNavigationController.swift in Sources */,
				98B5D67F2A39B5F000911D31 /* UIView + Extension.swift in Sources */,
				98B5D6842A39C3CC00911D31 /* LoginViewController.swift in Sources */,
				9814639B2A3C56CF005FD8FB /* ContactViewCell.swift in Sources */,
				981463A02A3C6A9E005FD8FB /* SettingsViewController.swift in Sources */,
			);
			runOnlyForDeploymentPostprocessing = 0;
		};
/* End PBXSourcesBuildPhase section */

/* Begin PBXVariantGroup section */
		98B5D6592A39976F00911D31 /* Main.storyboard */ = {
			isa = PBXVariantGroup;
			children = (
				98B5D65A2A39976F00911D31 /* Base */,
			);
			name = Main.storyboard;
			sourceTree = "<group>";
		};
		98B5D65E2A39977100911D31 /* LaunchScreen.storyboard */ = {
			isa = PBXVariantGroup;
			children = (
				98B5D65F2A39977100911D31 /* Base */,
			);
			name = LaunchScreen.storyboard;
			sourceTree = "<group>";
		};
/* End PBXVariantGroup section */

/* Begin XCBuildConfiguration section */
		98B5D6622A39977100911D31 /* Debug */ = {
			isa = XCBuildConfiguration;
			buildSettings = {
				ALWAYS_SEARCH_USER_PATHS = NO;
				CLANG_ANALYZER_NONNULL = YES;
				CLANG_ANALYZER_NUMBER_OBJECT_CONVERSION = YES_AGGRESSIVE;
				CLANG_CXX_LANGUAGE_STANDARD = "gnu++20";
				CLANG_ENABLE_MODULES = YES;
				CLANG_ENABLE_OBJC_ARC = YES;
				CLANG_ENABLE_OBJC_WEAK = YES;
				CLANG_WARN_BLOCK_CAPTURE_AUTORELEASING = YES;
				CLANG_WARN_BOOL_CONVERSION = YES;
				CLANG_WARN_COMMA = YES;
				CLANG_WARN_CONSTANT_CONVERSION = YES;
				CLANG_WARN_DEPRECATED_OBJC_IMPLEMENTATIONS = YES;
				CLANG_WARN_DIRECT_OBJC_ISA_USAGE = YES_ERROR;
				CLANG_WARN_DOCUMENTATION_COMMENTS = YES;
				CLANG_WARN_EMPTY_BODY = YES;
				CLANG_WARN_ENUM_CONVERSION = YES;
				CLANG_WARN_INFINITE_RECURSION = YES;
				CLANG_WARN_INT_CONVERSION = YES;
				CLANG_WARN_NON_LITERAL_NULL_CONVERSION = YES;
				CLANG_WARN_OBJC_IMPLICIT_RETAIN_SELF = YES;
				CLANG_WARN_OBJC_LITERAL_CONVERSION = YES;
				CLANG_WARN_OBJC_ROOT_CLASS = YES_ERROR;
				CLANG_WARN_QUOTED_INCLUDE_IN_FRAMEWORK_HEADER = YES;
				CLANG_WARN_RANGE_LOOP_ANALYSIS = YES;
				CLANG_WARN_STRICT_PROTOTYPES = YES;
				CLANG_WARN_SUSPICIOUS_MOVE = YES;
				CLANG_WARN_UNGUARDED_AVAILABILITY = YES_AGGRESSIVE;
				CLANG_WARN_UNREACHABLE_CODE = YES;
				CLANG_WARN__DUPLICATE_METHOD_MATCH = YES;
				COPY_PHASE_STRIP = NO;
				DEBUG_INFORMATION_FORMAT = dwarf;
				ENABLE_STRICT_OBJC_MSGSEND = YES;
				ENABLE_TESTABILITY = YES;
				GCC_C_LANGUAGE_STANDARD = gnu11;
				GCC_DYNAMIC_NO_PIC = NO;
				GCC_NO_COMMON_BLOCKS = YES;
				GCC_OPTIMIZATION_LEVEL = 0;
				GCC_PREPROCESSOR_DEFINITIONS = (
					"DEBUG=1",
					"$(inherited)",
				);
				GCC_WARN_64_TO_32_BIT_CONVERSION = YES;
				GCC_WARN_ABOUT_RETURN_TYPE = YES_ERROR;
				GCC_WARN_UNDECLARED_SELECTOR = YES;
				GCC_WARN_UNINITIALIZED_AUTOS = YES_AGGRESSIVE;
				GCC_WARN_UNUSED_FUNCTION = YES;
				GCC_WARN_UNUSED_VARIABLE = YES;
				IPHONEOS_DEPLOYMENT_TARGET = 16.4;
				MTL_ENABLE_DEBUG_INFO = INCLUDE_SOURCE;
				MTL_FAST_MATH = YES;
				ONLY_ACTIVE_ARCH = YES;
				SDKROOT = iphoneos;
				SWIFT_ACTIVE_COMPILATION_CONDITIONS = DEBUG;
				SWIFT_OPTIMIZATION_LEVEL = "-Onone";
			};
			name = Debug;
		};
		98B5D6632A39977100911D31 /* Release */ = {
			isa = XCBuildConfiguration;
			buildSettings = {
				ALWAYS_SEARCH_USER_PATHS = NO;
				CLANG_ANALYZER_NONNULL = YES;
				CLANG_ANALYZER_NUMBER_OBJECT_CONVERSION = YES_AGGRESSIVE;
				CLANG_CXX_LANGUAGE_STANDARD = "gnu++20";
				CLANG_ENABLE_MODULES = YES;
				CLANG_ENABLE_OBJC_ARC = YES;
				CLANG_ENABLE_OBJC_WEAK = YES;
				CLANG_WARN_BLOCK_CAPTURE_AUTORELEASING = YES;
				CLANG_WARN_BOOL_CONVERSION = YES;
				CLANG_WARN_COMMA = YES;
				CLANG_WARN_CONSTANT_CONVERSION = YES;
				CLANG_WARN_DEPRECATED_OBJC_IMPLEMENTATIONS = YES;
				CLANG_WARN_DIRECT_OBJC_ISA_USAGE = YES_ERROR;
				CLANG_WARN_DOCUMENTATION_COMMENTS = YES;
				CLANG_WARN_EMPTY_BODY = YES;
				CLANG_WARN_ENUM_CONVERSION = YES;
				CLANG_WARN_INFINITE_RECURSION = YES;
				CLANG_WARN_INT_CONVERSION = YES;
				CLANG_WARN_NON_LITERAL_NULL_CONVERSION = YES;
				CLANG_WARN_OBJC_IMPLICIT_RETAIN_SELF = YES;
				CLANG_WARN_OBJC_LITERAL_CONVERSION = YES;
				CLANG_WARN_OBJC_ROOT_CLASS = YES_ERROR;
				CLANG_WARN_QUOTED_INCLUDE_IN_FRAMEWORK_HEADER = YES;
				CLANG_WARN_RANGE_LOOP_ANALYSIS = YES;
				CLANG_WARN_STRICT_PROTOTYPES = YES;
				CLANG_WARN_SUSPICIOUS_MOVE = YES;
				CLANG_WARN_UNGUARDED_AVAILABILITY = YES_AGGRESSIVE;
				CLANG_WARN_UNREACHABLE_CODE = YES;
				CLANG_WARN__DUPLICATE_METHOD_MATCH = YES;
				COPY_PHASE_STRIP = NO;
				DEBUG_INFORMATION_FORMAT = "dwarf-with-dsym";
				ENABLE_NS_ASSERTIONS = NO;
				ENABLE_STRICT_OBJC_MSGSEND = YES;
				GCC_C_LANGUAGE_STANDARD = gnu11;
				GCC_NO_COMMON_BLOCKS = YES;
				GCC_WARN_64_TO_32_BIT_CONVERSION = YES;
				GCC_WARN_ABOUT_RETURN_TYPE = YES_ERROR;
				GCC_WARN_UNDECLARED_SELECTOR = YES;
				GCC_WARN_UNINITIALIZED_AUTOS = YES_AGGRESSIVE;
				GCC_WARN_UNUSED_FUNCTION = YES;
				GCC_WARN_UNUSED_VARIABLE = YES;
				IPHONEOS_DEPLOYMENT_TARGET = 16.4;
				MTL_ENABLE_DEBUG_INFO = NO;
				MTL_FAST_MATH = YES;
				SDKROOT = iphoneos;
				SWIFT_COMPILATION_MODE = wholemodule;
				SWIFT_OPTIMIZATION_LEVEL = "-O";
				VALIDATE_PRODUCT = YES;
			};
			name = Release;
		};
		98B5D6652A39977100911D31 /* Debug */ = {
			isa = XCBuildConfiguration;
			baseConfigurationReference = 005736E4EA350F25F310EEC7 /* Pods-Deus.debug.xcconfig */;
			buildSettings = {
				ASSETCATALOG_COMPILER_APPICON_NAME = AppIcon;
				ASSETCATALOG_COMPILER_GLOBAL_ACCENT_COLOR_NAME = AccentColor;
				ASSETCATALOG_COMPILER_INCLUDE_ALL_APPICON_ASSETS = YES;
				CODE_SIGN_ENTITLEMENTS = Deus/Deus.entitlements;
				CODE_SIGN_STYLE = Automatic;
				CURRENT_PROJECT_VERSION = 1;
				DEVELOPMENT_TEAM = "";
				GENERATE_INFOPLIST_FILE = YES;
				INFOPLIST_FILE = Deus/Info.plist;
				INFOPLIST_KEY_NSCameraUsageDescription = 2;
				INFOPLIST_KEY_NSDocumentsFolderUsageDescription = 4;
				INFOPLIST_KEY_NSPhotoLibraryAddUsageDescription = 1;
				INFOPLIST_KEY_NSPhotoLibraryUsageDescription = 3;
				INFOPLIST_KEY_UIApplicationSupportsIndirectInputEvents = YES;
				INFOPLIST_KEY_UILaunchStoryboardName = LaunchScreen;
				INFOPLIST_KEY_UIMainStoryboardFile = Main;
				INFOPLIST_KEY_UISupportedInterfaceOrientations_iPad = "UIInterfaceOrientationPortrait UIInterfaceOrientationPortraitUpsideDown UIInterfaceOrientationLandscapeLeft UIInterfaceOrientationLandscapeRight";
				INFOPLIST_KEY_UISupportedInterfaceOrientations_iPhone = "UIInterfaceOrientationPortrait UIInterfaceOrientationLandscapeLeft UIInterfaceOrientationLandscapeRight";
				LD_RUNPATH_SEARCH_PATHS = (
					"$(inherited)",
					"@executable_path/Frameworks",
				);
				MARKETING_VERSION = 1.0;
				PRODUCT_BUNDLE_IDENTIFIER = something.Deus;
				PRODUCT_NAME = "$(TARGET_NAME)";
				SWIFT_EMIT_LOC_STRINGS = YES;
				SWIFT_VERSION = 5.0;
				TARGETED_DEVICE_FAMILY = "1,2";
			};
			name = Debug;
		};
		98B5D6662A39977100911D31 /* Release */ = {
			isa = XCBuildConfiguration;
			baseConfigurationReference = 7A30AE5C7C4CBE36D70C4F52 /* Pods-Deus.release.xcconfig */;
			buildSettings = {
				ASSETCATALOG_COMPILER_APPICON_NAME = AppIcon;
				ASSETCATALOG_COMPILER_GLOBAL_ACCENT_COLOR_NAME = AccentColor;
				ASSETCATALOG_COMPILER_INCLUDE_ALL_APPICON_ASSETS = YES;
				CODE_SIGN_ENTITLEMENTS = Deus/Deus.entitlements;
				CODE_SIGN_STYLE = Automatic;
				CURRENT_PROJECT_VERSION = 1;
				DEVELOPMENT_TEAM = "";
				GENERATE_INFOPLIST_FILE = YES;
				INFOPLIST_FILE = Deus/Info.plist;
				INFOPLIST_KEY_NSCameraUsageDescription = 2;
				INFOPLIST_KEY_NSDocumentsFolderUsageDescription = 4;
				INFOPLIST_KEY_NSPhotoLibraryAddUsageDescription = 1;
				INFOPLIST_KEY_NSPhotoLibraryUsageDescription = 3;
				INFOPLIST_KEY_UIApplicationSupportsIndirectInputEvents = YES;
				INFOPLIST_KEY_UILaunchStoryboardName = LaunchScreen;
				INFOPLIST_KEY_UIMainStoryboardFile = Main;
				INFOPLIST_KEY_UISupportedInterfaceOrientations_iPad = "UIInterfaceOrientationPortrait UIInterfaceOrientationPortraitUpsideDown UIInterfaceOrientationLandscapeLeft UIInterfaceOrientationLandscapeRight";
				INFOPLIST_KEY_UISupportedInterfaceOrientations_iPhone = "UIInterfaceOrientationPortrait UIInterfaceOrientationLandscapeLeft UIInterfaceOrientationLandscapeRight";
				LD_RUNPATH_SEARCH_PATHS = (
					"$(inherited)",
					"@executable_path/Frameworks",
				);
				MARKETING_VERSION = 1.0;
				PRODUCT_BUNDLE_IDENTIFIER = something.Deus;
				PRODUCT_NAME = "$(TARGET_NAME)";
				SWIFT_EMIT_LOC_STRINGS = YES;
				SWIFT_VERSION = 5.0;
				TARGETED_DEVICE_FAMILY = "1,2";
			};
			name = Release;
		};
/* End XCBuildConfiguration section */

/* Begin XCConfigurationList section */
		98B5D64B2A39976F00911D31 /* Build configuration list for PBXProject "Deus" */ = {
			isa = XCConfigurationList;
			buildConfigurations = (
				98B5D6622A39977100911D31 /* Debug */,
				98B5D6632A39977100911D31 /* Release */,
			);
			defaultConfigurationIsVisible = 0;
			defaultConfigurationName = Release;
		};
		98B5D6642A39977100911D31 /* Build configuration list for PBXNativeTarget "Deus" */ = {
			isa = XCConfigurationList;
			buildConfigurations = (
				98B5D6652A39977100911D31 /* Debug */,
				98B5D6662A39977100911D31 /* Release */,
			);
			defaultConfigurationIsVisible = 0;
			defaultConfigurationName = Release;
		};
/* End XCConfigurationList section */
	};
	rootObject = 98B5D6482A39976F00911D31 /* Project object */;
}
